
Microsoft Visual Studio Solution File, Format Version 12.00
# Visual Studio Version 17
VisualStudioVersion = 17.3.32901.215
MinimumVisualStudioVersion = 10.0.40219.1
Project("{FAE04EC0-301F-11D3-BF4B-00C04F79EFBC}") = "eva2DWJGC3", "eva2DWJGC3\eva2DWJGC3.csproj", "{9CBD9724-5A33-4D98-982B-9EAF97A920B7}"
EndProject
Project("{FAE04EC0-301F-11D3-BF4B-00C04F79EFBC}") = "DAL", "DAL\DAL.csproj", "{7672B0EA-B363-419C-B19B-4D625A134F50}"
EndProject
Global
	GlobalSection(SolutionConfigurationPlatforms) = preSolution
		Debug|Any CPU = Debug|Any CPU
		Release|Any CPU = Release|Any CPU
	EndGlobalSection
	GlobalSection(ProjectConfigurationPlatforms) = postSolution
		{9CBD9724-5A33-4D98-982B-9EAF97A920B7}.Debug|Any CPU.ActiveCfg = Debug|Any CPU
		{9CBD9724-5A33-4D98-982B-9EAF97A920B7}.Debug|Any CPU.Build.0 = Debug|Any CPU
		{9CBD9724-5A33-4D98-982B-9EAF97A920B7}.Release|Any CPU.ActiveCfg = Release|Any CPU
		{9CBD9724-5A33-4D98-982B-9EAF97A920B7}.Release|Any CPU.Build.0 = Release|Any CPU
		{7672B0EA-B363-419C-B19B-4D625A134F50}.Debug|Any CPU.ActiveCfg = Debug|Any CPU
		{7672B0EA-B363-419C-B19B-4D625A134F50}.Debug|Any CPU.Build.0 = Debug|Any CPU
		{7672B0EA-B363-419C-B19B-4D625A134F50}.Release|Any CPU.ActiveCfg = Release|Any CPU
		{7672B0EA-B363-419C-B19B-4D625A134F50}.Release|Any CPU.Build.0 = Release|Any CPU
	EndGlobalSection
	GlobalSection(SolutionProperties) = preSolution
		HideSolutionNode = FALSE
	EndGlobalSection
	GlobalSection(ExtensibilityGlobals) = postSolution
		SolutionGuid = {29A77A94-E42E-4EFD-8E98-8FF65DA91251}
	EndGlobalSection
EndGlobal
